
Microsoft Visual Studio Solution File, Format Version 12.00
# Visual Studio Version 17
VisualStudioVersion = 17.13.35913.81 d17.13
MinimumVisualStudioVersion = 10.0.40219.1
Project("{FAE04EC0-301F-11D3-BF4B-00C04F79EFBC}") = "AvaloniaImageSelect", "AvaloniaImageSelect\AvaloniaImageSelect.csproj", "{982D788B-7430-4D8C-93A8-9D58F0C2AA00}"
EndProject
Global
	GlobalSection(SolutionConfigurationPlatforms) = preSolution
		Debug|Any CPU = Debug|Any CPU
		Release|Any CPU = Release|Any CPU
	EndGlobalSection
	GlobalSection(ProjectConfigurationPlatforms) = postSolution
		{982D788B-7430-4D8C-93A8-9D58F0C2AA00}.Debug|Any CPU.ActiveCfg = Debug|Any CPU
		{982D788B-7430-4D8C-93A8-9D58F0C2AA00}.Debug|Any CPU.Build.0 = Debug|Any CPU
		{982D788B-7430-4D8C-93A8-9D58F0C2AA00}.Release|Any CPU.ActiveCfg = Release|Any CPU
		{982D788B-7430-4D8C-93A8-9D58F0C2AA00}.Release|Any CPU.Build.0 = Release|Any CPU
	EndGlobalSection
	GlobalSection(SolutionProperties) = preSolution
		HideSolutionNode = FALSE
	EndGlobalSection
	GlobalSection(ExtensibilityGlobals) = postSolution
		SolutionGuid = {D93AB64A-1BA8-49C9-A019-1CB56F83BD60}
	EndGlobalSection
EndGlobal
